
Microsoft Visual Studio Solution File, Format Version 12.00
# Visual Studio Version 17
VisualStudioVersion = 17.3.32825.248
MinimumVisualStudioVersion = 10.0.40219.1
Project("{FAE04EC0-301F-11D3-BF4B-00C04F79EFBC}") = "dsa5", "dsa5.csproj", "{0A54A281-72B1-42A5-BAAE-B493CB68A420}"
EndProject
Global
	GlobalSection(SolutionConfigurationPlatforms) = preSolution
		Debug|Any CPU = Debug|Any CPU
		Release|Any CPU = Release|Any CPU
	EndGlobalSection
	GlobalSection(ProjectConfigurationPlatforms) = postSolution
		{0A54A281-72B1-42A5-BAAE-B493CB68A420}.Debug|Any CPU.ActiveCfg = Debug|Any CPU
		{0A54A281-72B1-42A5-BAAE-B493CB68A420}.Debug|Any CPU.Build.0 = Debug|Any CPU
		{0A54A281-72B1-42A5-BAAE-B493CB68A420}.Release|Any CPU.ActiveCfg = Release|Any CPU
		{0A54A281-72B1-42A5-BAAE-B493CB68A420}.Release|Any CPU.Build.0 = Release|Any CPU
	EndGlobalSection
	GlobalSection(SolutionProperties) = preSolution
		HideSolutionNode = FALSE
	EndGlobalSection
	GlobalSection(ExtensibilityGlobals) = postSolution
		SolutionGuid = {192CC03E-12C6-4AF1-9564-BCA48E7935BB}
	EndGlobalSection
EndGlobal
